// !$*UTF8*$!
{
	archiveVersion = 1;
	classes = {
	};
	objectVersion = 56;
	objects = {

/* Begin PBXBuildFile section */
		9055C6B32A172988001B6986 /* AppDelegate.swift in Sources */ = {isa = PBXBuildFile; fileRef = 9055C6B22A172988001B6986 /* AppDelegate.swift */; };
		9055C6B52A172988001B6986 /* SceneDelegate.swift in Sources */ = {isa = PBXBuildFile; fileRef = 9055C6B42A172988001B6986 /* SceneDelegate.swift */; };
		9055C6B72A172988001B6986 /* ViewController.swift in Sources */ = {isa = PBXBuildFile; fileRef = 9055C6B62A172988001B6986 /* ViewController.swift */; };
		9055C6BA2A172988001B6986 /* Main.storyboard in Resources */ = {isa = PBXBuildFile; fileRef = 9055C6B82A172988001B6986 /* Main.storyboard */; };
		9055C6BC2A172989001B6986 /* Assets.xcassets in Resources */ = {isa = PBXBuildFile; fileRef = 9055C6BB2A172989001B6986 /* Assets.xcassets */; };
		9055C6BF2A172989001B6986 /* LaunchScreen.storyboard in Resources */ = {isa = PBXBuildFile; fileRef = 9055C6BD2A172989001B6986 /* LaunchScreen.storyboard */; };
		9055C6D32A1729F7001B6986 /* arrow-up-green.png in Resources */ = {isa = PBXBuildFile; fileRef = 9055C6C72A1729F7001B6986 /* arrow-up-green.png */; };
		9055C6D42A1729F7001B6986 /* arrow-up-red.png in Resources */ = {isa = PBXBuildFile; fileRef = 9055C6C82A1729F7001B6986 /* arrow-up-red.png */; };
		9055C6D52A1729F7001B6986 /* arrow-down-red.png in Resources */ = {isa = PBXBuildFile; fileRef = 9055C6C92A1729F7001B6986 /* arrow-down-red.png */; };
		9055C6D62A1729F7001B6986 /* arrow-right-red.png in Resources */ = {isa = PBXBuildFile; fileRef = 9055C6CA2A1729F7001B6986 /* arrow-right-red.png */; };
		9055C6D72A1729F7001B6986 /* arrow-down-black.png in Resources */ = {isa = PBXBuildFile; fileRef = 9055C6CB2A1729F7001B6986 /* arrow-down-black.png */; };
		9055C6D82A1729F7001B6986 /* arrow-up-black.png in Resources */ = {isa = PBXBuildFile; fileRef = 9055C6CC2A1729F7001B6986 /* arrow-up-black.png */; };
		9055C6D92A1729F7001B6986 /* arrow-right-black.png in Resources */ = {isa = PBXBuildFile; fileRef = 9055C6CD2A1729F7001B6986 /* arrow-right-black.png */; };
		9055C6DA2A1729F7001B6986 /* arrow-left-green.png in Resources */ = {isa = PBXBuildFile; fileRef = 9055C6CE2A1729F7001B6986 /* arrow-left-green.png */; };
		9055C6DB2A1729F7001B6986 /* arrow-left-red.png in Resources */ = {isa = PBXBuildFile; fileRef = 9055C6CF2A1729F7001B6986 /* arrow-left-red.png */; };
		9055C6DC2A1729F7001B6986 /* arrow-down-green.png in Resources */ = {isa = PBXBuildFile; fileRef = 9055C6D02A1729F7001B6986 /* arrow-down-green.png */; };
		9055C6DD2A1729F7001B6986 /* arrow-right-green.png in Resources */ = {isa = PBXBuildFile; fileRef = 9055C6D12A1729F7001B6986 /* arrow-right-green.png */; };
		9055C6DE2A1729F7001B6986 /* arrow-left-black.png in Resources */ = {isa = PBXBuildFile; fileRef = 9055C6D22A1729F7001B6986 /* arrow-left-black.png */; };
/* End PBXBuildFile section */

/* Begin PBXFileReference section */
		9055C6AF2A172988001B6986 /* SwipeGesture.app */ = {isa = PBXFileReference; explicitFileType = wrapper.application; includeInIndex = 0; path = SwipeGesture.app; sourceTree = BUILT_PRODUCTS_DIR; };
		9055C6B22A172988001B6986 /* AppDelegate.swift */ = {isa = PBXFileReference; lastKnownFileType = sourcecode.swift; path = AppDelegate.swift; sourceTree = "<group>"; };
		9055C6B42A172988001B6986 /* SceneDelegate.swift */ = {isa = PBXFileReference; lastKnownFileType = sourcecode.swift; path = SceneDelegate.swift; sourceTree = "<group>"; };
		9055C6B62A172988001B6986 /* ViewController.swift */ = {isa = PBXFileReference; lastKnownFileType = sourcecode.swift; path = ViewController.swift; sourceTree = "<group>"; };
		9055C6B92A172988001B6986 /* Base */ = {isa = PBXFileReference; lastKnownFileType = file.storyboard; name = Base; path = Base.lproj/Main.storyboard; sourceTree = "<group>"; };
		9055C6BB2A172989001B6986 /* Assets.xcassets */ = {isa = PBXFileReference; lastKnownFileType = folder.assetcatalog; path = Assets.xcassets; sourceTree = "<group>"; };
		9055C6BE2A172989001B6986 /* Base */ = {isa = PBXFileReference; lastKnownFileType = file.storyboard; name = Base; path = Base.lproj/LaunchScreen.storyboard; sourceTree = "<group>"; };
		9055C6C02A172989001B6986 /* Info.plist */ = {isa = PBXFileReference; lastKnownFileType = text.plist.xml; path = Info.plist; sourceTree = "<group>"; };
		9055C6C72A1729F7001B6986 /* arrow-up-green.png */ = {isa = PBXFileReference; lastKnownFileType = image.png; path = "arrow-up-green.png"; sourceTree = "<group>"; };
		9055C6C82A1729F7001B6986 /* arrow-up-red.png */ = {isa = PBXFileReference; lastKnownFileType = image.png; path = "arrow-up-red.png"; sourceTree = "<group>"; };
		9055C6C92A1729F7001B6986 /* arrow-down-red.png */ = {isa = PBXFileReference; lastKnownFileType = image.png; path = "arrow-down-red.png"; sourceTree = "<group>"; };
		9055C6CA2A1729F7001B6986 /* arrow-right-red.png */ = {isa = PBXFileReference; lastKnownFileType = image.png; path = "arrow-right-red.png"; sourceTree = "<group>"; };
		9055C6CB2A1729F7001B6986 /* arrow-down-black.png */ = {isa = PBXFileReference; lastKnownFileType = image.png; path = "arrow-down-black.png"; sourceTree = "<group>"; };
		9055C6CC2A1729F7001B6986 /* arrow-up-black.png */ = {isa = PBXFileReference; lastKnownFileType = image.png; path = "arrow-up-black.png"; sourceTree = "<group>"; };
		9055C6CD2A1729F7001B6986 /* arrow-right-black.png */ = {isa = PBXFileReference; lastKnownFileType = image.png; path = "arrow-right-black.png"; sourceTree = "<group>"; };
		9055C6CE2A1729F7001B6986 /* arrow-left-green.png */ = {isa = PBXFileReference; lastKnownFileType = image.png; path = "arrow-left-green.png"; sourceTree = "<group>"; };
		9055C6CF2A1729F7001B6986 /* arrow-left-red.png */ = {isa = PBXFileReference; lastKnownFileType = image.png; path = "arrow-left-red.png"; sourceTree = "<group>"; };
		9055C6D02A1729F7001B6986 /* arrow-down-green.png */ = {isa = PBXFileReference; lastKnownFileType = image.png; path = "arrow-down-green.png"; sourceTree = "<group>"; };
		9055C6D12A1729F7001B6986 /* arrow-right-green.png */ = {isa = PBXFileReference; lastKnownFileType = image.png; path = "arrow-right-green.png"; sourceTree = "<group>"; };
		9055C6D22A1729F7001B6986 /* arrow-left-black.png */ = {isa = PBXFileReference; lastKnownFileType = image.png; path = "arrow-left-black.png"; sourceTree = "<group>"; };
/* End PBXFileReference section */

/* Begin PBXFrameworksBuildPhase section */
		9055C6AC2A172988001B6986 /* Frameworks */ = {
			isa = PBXFrameworksBuildPhase;
			buildActionMask = 2147483647;
			files = (
			);
			runOnlyForDeploymentPostprocessing = 0;
		};
/* End PBXFrameworksBuildPhase section */

/* Begin PBXGroup section */
		9055C6A62A172988001B6986 = {
			isa = PBXGroup;
			children = (
				9055C6B12A172988001B6986 /* SwipeGesture */,
				9055C6B02A172988001B6986 /* Products */,
			);
			sourceTree = "<group>";
		};
		9055C6B02A172988001B6986 /* Products */ = {
			isa = PBXGroup;
			children = (
				9055C6AF2A172988001B6986 /* SwipeGesture.app */,
			);
			name = Products;
			sourceTree = "<group>";
		};
		9055C6B12A172988001B6986 /* SwipeGesture */ = {
			isa = PBXGroup;
			children = (
				9055C6C62A1729E5001B6986 /* images */,
				9055C6B22A172988001B6986 /* AppDelegate.swift */,
				9055C6B42A172988001B6986 /* SceneDelegate.swift */,
				9055C6B62A172988001B6986 /* ViewController.swift */,
				9055C6B82A172988001B6986 /* Main.storyboard */,
				9055C6BB2A172989001B6986 /* Assets.xcassets */,
				9055C6BD2A172989001B6986 /* LaunchScreen.storyboard */,
				9055C6C02A172989001B6986 /* Info.plist */,
			);
			path = SwipeGesture;
			sourceTree = "<group>";
		};
		9055C6C62A1729E5001B6986 /* images */ = {
			isa = PBXGroup;
			children = (
				9055C6CB2A1729F7001B6986 /* arrow-down-black.png */,
				9055C6D02A1729F7001B6986 /* arrow-down-green.png */,
				9055C6C92A1729F7001B6986 /* arrow-down-red.png */,
				9055C6D22A1729F7001B6986 /* arrow-left-black.png */,
				9055C6CE2A1729F7001B6986 /* arrow-left-green.png */,
				9055C6CF2A1729F7001B6986 /* arrow-left-red.png */,
				9055C6CD2A1729F7001B6986 /* arrow-right-black.png */,
				9055C6D12A1729F7001B6986 /* arrow-right-green.png */,
				9055C6CA2A1729F7001B6986 /* arrow-right-red.png */,
				9055C6CC2A1729F7001B6986 /* arrow-up-black.png */,
				9055C6C72A1729F7001B6986 /* arrow-up-green.png */,
				9055C6C82A1729F7001B6986 /* arrow-up-red.png */,
			);
			path = images;
			sourceTree = "<group>";
		};
/* End PBXGroup section */

/* Begin PBXNativeTarget section */
		9055C6AE2A172988001B6986 /* SwipeGesture */ = {
			isa = PBXNativeTarget;
			buildConfigurationList = 9055C6C32A172989001B6986 /* Build configuration list for PBXNativeTarget "SwipeGesture" */;
			buildPhases = (
				9055C6AB2A172988001B6986 /* Sources */,
				9055C6AC2A172988001B6986 /* Frameworks */,
				9055C6AD2A172988001B6986 /* Resources */,
			);
			buildRules = (
			);
			dependencies = (
			);
			name = SwipeGesture;
			productName = SwipeGesture;
			productReference = 9055C6AF2A172988001B6986 /* SwipeGesture.app */;
			productType = "com.apple.product-type.application";
		};
/* End PBXNativeTarget section */

/* Begin PBXProject section */
		9055C6A72A172988001B6986 /* Project object */ = {
			isa = PBXProject;
			attributes = {
				BuildIndependentTargetsInParallel = 1;
				LastSwiftUpdateCheck = 1430;
				LastUpgradeCheck = 1430;
				TargetAttributes = {
					9055C6AE2A172988001B6986 = {
						CreatedOnToolsVersion = 14.3;
					};
				};
			};
			buildConfigurationList = 9055C6AA2A172988001B6986 /* Build configuration list for PBXProject "SwipeGesture" */;
			compatibilityVersion = "Xcode 14.0";
			developmentRegion = en;
			hasScannedForEncodings = 0;
			knownRegions = (
				en,
				Base,
			);
			mainGroup = 9055C6A62A172988001B6986;
			productRefGroup = 9055C6B02A172988001B6986 /* Products */;
			projectDirPath = "";
			projectRoot = "";
			targets = (
				9055C6AE2A172988001B6986 /* SwipeGesture */,
			);
		};
/* End PBXProject section */

/* Begin PBXResourcesBuildPhase section */
		9055C6AD2A172988001B6986 /* Resources */ = {
			isa = PBXResourcesBuildPhase;
			buildActionMask = 2147483647;
			files = (
				9055C6DB2A1729F7001B6986 /* arrow-left-red.png in Resources */,
				9055C6D42A1729F7001B6986 /* arrow-up-red.png in Resources */,
				9055C6D72A1729F7001B6986 /* arrow-down-black.png in Resources */,
				9055C6D82A1729F7001B6986 /* arrow-up-black.png in Resources */,
				9055C6DD2A1729F7001B6986 /* arrow-right-green.png in Resources */,
				9055C6D62A1729F7001B6986 /* arrow-right-red.png in Resources */,
				9055C6D52A1729F7001B6986 /* arrow-down-red.png in Resources */,
				9055C6D32A1729F7001B6986 /* arrow-up-green.png in Resources */,
				9055C6DC2A1729F7001B6986 /* arrow-down-green.png in Resources */,
				9055C6BF2A172989001B6986 /* LaunchScreen.storyboard in Resources */,
				9055C6DA2A1729F7001B6986 /* arrow-left-green.png in Resources */,
				9055C6BC2A172989001B6986 /* Assets.xcassets in Resources */,
				9055C6DE2A1729F7001B6986 /* arrow-left-black.png in Resources */,
				9055C6D92A1729F7001B6986 /* arrow-right-black.png in Resources */,
				9055C6BA2A172988001B6986 /* Main.storyboard in Resources */,
			);
			runOnlyForDeploymentPostprocessing = 0;
		};
/* End PBXResourcesBuildPhase section */

/* Begin PBXSourcesBuildPhase section */
		9055C6AB2A172988001B6986 /* Sources */ = {
			isa = PBXSourcesBuildPhase;
			buildActionMask = 2147483647;
			files = (
				9055C6B72A172988001B6986 /* ViewController.swift in Sources */,
				9055C6B32A172988001B6986 /* AppDelegate.swift in Sources */,
				9055C6B52A172988001B6986 /* SceneDelegate.swift in Sources */,
			);
			runOnlyForDeploymentPostprocessing = 0;
		};
/* End PBXSourcesBuildPhase section */

/* Begin PBXVariantGroup section */
		9055C6B82A172988001B6986 /* Main.storyboard */ = {
			isa = PBXVariantGroup;
			children = (
				9055C6B92A172988001B6986 /* Base */,
			);
			name = Main.storyboard;
			sourceTree = "<group>";
		};
		9055C6BD2A172989001B6986 /* LaunchScreen.storyboard */ = {
			isa = PBXVariantGroup;
			children = (
				9055C6BE2A172989001B6986 /* Base */,
			);
			name = LaunchScreen.storyboard;
			sourceTree = "<group>";
		};
/* End PBXVariantGroup section */

/* Begin XCBuildConfiguration section */
		9055C6C12A172989001B6986 /* Debug */ = {
			isa = XCBuildConfiguration;
			buildSettings = {
				ALWAYS_SEARCH_USER_PATHS = NO;
				CLANG_ANALYZER_NONNULL = YES;
				CLANG_ANALYZER_NUMBER_OBJECT_CONVERSION = YES_AGGRESSIVE;
				CLANG_CXX_LANGUAGE_STANDARD = "gnu++20";
				CLANG_ENABLE_MODULES = YES;
				CLANG_ENABLE_OBJC_ARC = YES;
				CLANG_ENABLE_OBJC_WEAK = YES;
				CLANG_WARN_BLOCK_CAPTURE_AUTORELEASING = YES;
				CLANG_WARN_BOOL_CONVERSION = YES;
				CLANG_WARN_COMMA = YES;
				CLANG_WARN_CONSTANT_CONVERSION = YES;
				CLANG_WARN_DEPRECATED_OBJC_IMPLEMENTATIONS = YES;
				CLANG_WARN_DIRECT_OBJC_ISA_USAGE = YES_ERROR;
				CLANG_WARN_DOCUMENTATION_COMMENTS = YES;
				CLANG_WARN_EMPTY_BODY = YES;
				CLANG_WARN_ENUM_CONVERSION = YES;
				CLANG_WARN_INFINITE_RECURSION = YES;
				CLANG_WARN_INT_CONVERSION = YES;
				CLANG_WARN_NON_LITERAL_NULL_CONVERSION = YES;
				CLANG_WARN_OBJC_IMPLICIT_RETAIN_SELF = YES;
				CLANG_WARN_OBJC_LITERAL_CONVERSION = YES;
				CLANG_WARN_OBJC_ROOT_CLASS = YES_ERROR;
				CLANG_WARN_QUOTED_INCLUDE_IN_FRAMEWORK_HEADER = YES;
				CLANG_WARN_RANGE_LOOP_ANALYSIS = YES;
				CLANG_WARN_STRICT_PROTOTYPES = YES;
				CLANG_WARN_SUSPICIOUS_MOVE = YES;
				CLANG_WARN_UNGUARDED_AVAILABILITY = YES_AGGRESSIVE;
				CLANG_WARN_UNREACHABLE_CODE = YES;
				CLANG_WARN__DUPLICATE_METHOD_MATCH = YES;
				COPY_PHASE_STRIP = NO;
				DEBUG_INFORMATION_FORMAT = dwarf;
				ENABLE_STRICT_OBJC_MSGSEND = YES;
				ENABLE_TESTABILITY = YES;
				GCC_C_LANGUAGE_STANDARD = gnu11;
				GCC_DYNAMIC_NO_PIC = NO;
				GCC_NO_COMMON_BLOCKS = YES;
				GCC_OPTIMIZATION_LEVEL = 0;
				GCC_PREPROCESSOR_DEFINITIONS = (
					"DEBUG=1",
					"$(inherited)",
				);
				GCC_WARN_64_TO_32_BIT_CONVERSION = YES;
				GCC_WARN_ABOUT_RETURN_TYPE = YES_ERROR;
				GCC_WARN_UNDECLARED_SELECTOR = YES;
				GCC_WARN_UNINITIALIZED_AUTOS = YES_AGGRESSIVE;
				GCC_WARN_UNUSED_FUNCTION = YES;
				GCC_WARN_UNUSED_VARIABLE = YES;
				IPHONEOS_DEPLOYMENT_TARGET = 16.4;
				MTL_ENABLE_DEBUG_INFO = INCLUDE_SOURCE;
				MTL_FAST_MATH = YES;
				ONLY_ACTIVE_ARCH = YES;
				SDKROOT = iphoneos;
				SWIFT_ACTIVE_COMPILATION_CONDITIONS = DEBUG;
				SWIFT_OPTIMIZATION_LEVEL = "-Onone";
			};
			name = Debug;
		};
		9055C6C22A172989001B6986 /* Release */ = {
			isa = XCBuildConfiguration;
			buildSettings = {
				ALWAYS_SEARCH_USER_PATHS = NO;
				CLANG_ANALYZER_NONNULL = YES;
				CLANG_ANALYZER_NUMBER_OBJECT_CONVERSION = YES_AGGRESSIVE;
				CLANG_CXX_LANGUAGE_STANDARD = "gnu++20";
				CLANG_ENABLE_MODULES = YES;
				CLANG_ENABLE_OBJC_ARC = YES;
				CLANG_ENABLE_OBJC_WEAK = YES;
				CLANG_WARN_BLOCK_CAPTURE_AUTORELEASING = YES;
				CLANG_WARN_BOOL_CONVERSION = YES;
				CLANG_WARN_COMMA = YES;
				CLANG_WARN_CONSTANT_CONVERSION = YES;
				CLANG_WARN_DEPRECATED_OBJC_IMPLEMENTATIONS = YES;
				CLANG_WARN_DIRECT_OBJC_ISA_USAGE = YES_ERROR;
				CLANG_WARN_DOCUMENTATION_COMMENTS = YES;
				CLANG_WARN_EMPTY_BODY = YES;
				CLANG_WARN_ENUM_CONVERSION = YES;
				CLANG_WARN_INFINITE_RECURSION = YES;
				CLANG_WARN_INT_CONVERSION = YES;
				CLANG_WARN_NON_LITERAL_NULL_CONVERSION = YES;
				CLANG_WARN_OBJC_IMPLICIT_RETAIN_SELF = YES;
				CLANG_WARN_OBJC_LITERAL_CONVERSION = YES;
				CLANG_WARN_OBJC_ROOT_CLASS = YES_ERROR;
				CLANG_WARN_QUOTED_INCLUDE_IN_FRAMEWORK_HEADER = YES;
				CLANG_WARN_RANGE_LOOP_ANALYSIS = YES;
				CLANG_WARN_STRICT_PROTOTYPES = YES;
				CLANG_WARN_SUSPICIOUS_MOVE = YES;
				CLANG_WARN_UNGUARDED_AVAILABILITY = YES_AGGRESSIVE;
				CLANG_WARN_UNREACHABLE_CODE = YES;
				CLANG_WARN__DUPLICATE_METHOD_MATCH = YES;
				COPY_PHASE_STRIP = NO;
				DEBUG_INFORMATION_FORMAT = "dwarf-with-dsym";
				ENABLE_NS_ASSERTIONS = NO;
				ENABLE_STRICT_OBJC_MSGSEND = YES;
				GCC_C_LANGUAGE_STANDARD = gnu11;
				GCC_NO_COMMON_BLOCKS = YES;
				GCC_WARN_64_TO_32_BIT_CONVERSION = YES;
				GCC_WARN_ABOUT_RETURN_TYPE = YES_ERROR;
				GCC_WARN_UNDECLARED_SELECTOR = YES;
				GCC_WARN_UNINITIALIZED_AUTOS = YES_AGGRESSIVE;
				GCC_WARN_UNUSED_FUNCTION = YES;
				GCC_WARN_UNUSED_VARIABLE = YES;
				IPHONEOS_DEPLOYMENT_TARGET = 16.4;
				MTL_ENABLE_DEBUG_INFO = NO;
				MTL_FAST_MATH = YES;
				SDKROOT = iphoneos;
				SWIFT_COMPILATION_MODE = wholemodule;
				SWIFT_OPTIMIZATION_LEVEL = "-O";
				VALIDATE_PRODUCT = YES;
			};
			name = Release;
		};
		9055C6C42A172989001B6986 /* Debug */ = {
			isa = XCBuildConfiguration;
			buildSettings = {
				ASSETCATALOG_COMPILER_APPICON_NAME = AppIcon;
				ASSETCATALOG_COMPILER_GLOBAL_ACCENT_COLOR_NAME = AccentColor;
				CODE_SIGN_STYLE = Automatic;
				CURRENT_PROJECT_VERSION = 1;
				GENERATE_INFOPLIST_FILE = YES;
				INFOPLIST_FILE = SwipeGesture/Info.plist;
				INFOPLIST_KEY_UIApplicationSupportsIndirectInputEvents = YES;
				INFOPLIST_KEY_UILaunchStoryboardName = LaunchScreen;
				INFOPLIST_KEY_UIMainStoryboardFile = Main;
				INFOPLIST_KEY_UISupportedInterfaceOrientations_iPad = "UIInterfaceOrientationPortrait UIInterfaceOrientationPortraitUpsideDown UIInterfaceOrientationLandscapeLeft UIInterfaceOrientationLandscapeRight";
				INFOPLIST_KEY_UISupportedInterfaceOrientations_iPhone = "UIInterfaceOrientationPortrait UIInterfaceOrientationLandscapeLeft UIInterfaceOrientationLandscapeRight";
				LD_RUNPATH_SEARCH_PATHS = (
					"$(inherited)",
					"@executable_path/Frameworks",
				);
				MARKETING_VERSION = 1.0;
				PRODUCT_BUNDLE_IDENTIFIER = com.yourcompany.SwipeGesture;
				PRODUCT_NAME = "$(TARGET_NAME)";
				SWIFT_EMIT_LOC_STRINGS = YES;
				SWIFT_VERSION = 5.0;
				TARGETED_DEVICE_FAMILY = "1,2";
			};
			name = Debug;
		};
		9055C6C52A172989001B6986 /* Release */ = {
			isa = XCBuildConfiguration;
			buildSettings = {
				ASSETCATALOG_COMPILER_APPICON_NAME = AppIcon;
				ASSETCATALOG_COMPILER_GLOBAL_ACCENT_COLOR_NAME = AccentColor;
				CODE_SIGN_STYLE = Automatic;
				CURRENT_PROJECT_VERSION = 1;
				GENERATE_INFOPLIST_FILE = YES;
				INFOPLIST_FILE = SwipeGesture/Info.plist;
				INFOPLIST_KEY_UIApplicationSupportsIndirectInputEvents = YES;
				INFOPLIST_KEY_UILaunchStoryboardName = LaunchScreen;
				INFOPLIST_KEY_UIMainStoryboardFile = Main;
				INFOPLIST_KEY_UISupportedInterfaceOrientations_iPad = "UIInterfaceOrientationPortrait UIInterfaceOrientationPortraitUpsideDown UIInterfaceOrientationLandscapeLeft UIInterfaceOrientationLandscapeRight";
				INFOPLIST_KEY_UISupportedInterfaceOrientations_iPhone = "UIInterfaceOrientationPortrait UIInterfaceOrientationLandscapeLeft UIInterfaceOrientationLandscapeRight";
				LD_RUNPATH_SEARCH_PATHS = (
					"$(inherited)",
					"@executable_path/Frameworks",
				);
				MARKETING_VERSION = 1.0;
				PRODUCT_BUNDLE_IDENTIFIER = com.yourcompany.SwipeGesture;
				PRODUCT_NAME = "$(TARGET_NAME)";
				SWIFT_EMIT_LOC_STRINGS = YES;
				SWIFT_VERSION = 5.0;
				TARGETED_DEVICE_FAMILY = "1,2";
			};
			name = Release;
		};
/* End XCBuildConfiguration section */

/* Begin XCConfigurationList section */
		9055C6AA2A172988001B6986 /* Build configuration list for PBXProject "SwipeGesture" */ = {
			isa = XCConfigurationList;
			buildConfigurations = (
				9055C6C12A172989001B6986 /* Debug */,
				9055C6C22A172989001B6986 /* Release */,
			);
			defaultConfigurationIsVisible = 0;
			defaultConfigurationName = Release;
		};
		9055C6C32A172989001B6986 /* Build configuration list for PBXNativeTarget "SwipeGesture" */ = {
			isa = XCConfigurationList;
			buildConfigurations = (
				9055C6C42A172989001B6986 /* Debug */,
				9055C6C52A172989001B6986 /* Release */,
			);
			defaultConfigurationIsVisible = 0;
			defaultConfigurationName = Release;
		};
/* End XCConfigurationList section */
	};
	rootObject = 9055C6A72A172988001B6986 /* Project object */;
}
